
Microsoft Visual Studio Solution File, Format Version 12.00
# Visual Studio Version 17
VisualStudioVersion = 17.5.002.0
MinimumVisualStudioVersion = 10.0.40219.1
Project("{9A19103F-16F7-4668-BE54-9A1E7A4F7556}") = "ExtraLandscapingTools", "ExtraLandscapingTools.csproj", "{087A52E7-A051-4AF1-9340-2648DDCB7544}"
EndProject
Global
	GlobalSection(SolutionConfigurationPlatforms) = preSolution
		Debug|Any CPU = Debug|Any CPU
		Release|Any CPU = Release|Any CPU
	EndGlobalSection
	GlobalSection(ProjectConfigurationPlatforms) = postSolution
		{087A52E7-A051-4AF1-9340-2648DDCB7544}.Debug|Any CPU.ActiveCfg = Debug|Any CPU
		{087A52E7-A051-4AF1-9340-2648DDCB7544}.Debug|Any CPU.Build.0 = Debug|Any CPU
		{087A52E7-A051-4AF1-9340-2648DDCB7544}.Release|Any CPU.ActiveCfg = Release|Any CPU
		{087A52E7-A051-4AF1-9340-2648DDCB7544}.Release|Any CPU.Build.0 = Release|Any CPU
	EndGlobalSection
	GlobalSection(SolutionProperties) = preSolution
		HideSolutionNode = FALSE
	EndGlobalSection
	GlobalSection(ExtensibilityGlobals) = postSolution
		SolutionGuid = {8D084FC9-BB7B-486F-BB1A-FCE92BCCD729}
	EndGlobalSection
EndGlobal
